
Microsoft Visual Studio Solution File, Format Version 12.00
# Visual Studio Version 17
VisualStudioVersion = 17.0.31717.71
MinimumVisualStudioVersion = 10.0.40219.1
Project("{FAE04EC0-301F-11D3-BF4B-00C04F79EFBC}") = "Entities", "Entities\Entities.csproj", "{27A3FCED-197A-4A46-8EF2-2C53B524F85D}"
EndProject
Project("{FAE04EC0-301F-11D3-BF4B-00C04F79EFBC}") = "DataAccess", "DataAccess\DataAccess.csproj", "{77ED886F-DFBD-4F0F-9279-5E9F192118E4}"
EndProject
Project("{FAE04EC0-301F-11D3-BF4B-00C04F79EFBC}") = "Business", "Business\Business.csproj", "{0B41B795-E532-451F-8B31-A0C397CC7208}"
EndProject
Project("{FAE04EC0-301F-11D3-BF4B-00C04F79EFBC}") = "ConsoleUI2", "ConsoleUI2\ConsoleUI2.csproj", "{B72A1D68-D02F-4887-8E59-03551A9D7C7D}"
EndProject
Global
	GlobalSection(SolutionConfigurationPlatforms) = preSolution
		Debug|Any CPU = Debug|Any CPU
		Release|Any CPU = Release|Any CPU
	EndGlobalSection
	GlobalSection(ProjectConfigurationPlatforms) = postSolution
		{27A3FCED-197A-4A46-8EF2-2C53B524F85D}.Debug|Any CPU.ActiveCfg = Debug|Any CPU
		{27A3FCED-197A-4A46-8EF2-2C53B524F85D}.Debug|Any CPU.Build.0 = Debug|Any CPU
		{27A3FCED-197A-4A46-8EF2-2C53B524F85D}.Release|Any CPU.ActiveCfg = Release|Any CPU
		{27A3FCED-197A-4A46-8EF2-2C53B524F85D}.Release|Any CPU.Build.0 = Release|Any CPU
		{77ED886F-DFBD-4F0F-9279-5E9F192118E4}.Debug|Any CPU.ActiveCfg = Debug|Any CPU
		{77ED886F-DFBD-4F0F-9279-5E9F192118E4}.Debug|Any CPU.Build.0 = Debug|Any CPU
		{77ED886F-DFBD-4F0F-9279-5E9F192118E4}.Release|Any CPU.ActiveCfg = Release|Any CPU
		{77ED886F-DFBD-4F0F-9279-5E9F192118E4}.Release|Any CPU.Build.0 = Release|Any CPU
		{0B41B795-E532-451F-8B31-A0C397CC7208}.Debug|Any CPU.ActiveCfg = Debug|Any CPU
		{0B41B795-E532-451F-8B31-A0C397CC7208}.Debug|Any CPU.Build.0 = Debug|Any CPU
		{0B41B795-E532-451F-8B31-A0C397CC7208}.Release|Any CPU.ActiveCfg = Release|Any CPU
		{0B41B795-E532-451F-8B31-A0C397CC7208}.Release|Any CPU.Build.0 = Release|Any CPU
		{B72A1D68-D02F-4887-8E59-03551A9D7C7D}.Debug|Any CPU.ActiveCfg = Debug|Any CPU
		{B72A1D68-D02F-4887-8E59-03551A9D7C7D}.Debug|Any CPU.Build.0 = Debug|Any CPU
		{B72A1D68-D02F-4887-8E59-03551A9D7C7D}.Release|Any CPU.ActiveCfg = Release|Any CPU
		{B72A1D68-D02F-4887-8E59-03551A9D7C7D}.Release|Any CPU.Build.0 = Release|Any CPU
	EndGlobalSection
	GlobalSection(SolutionProperties) = preSolution
		HideSolutionNode = FALSE
	EndGlobalSection
	GlobalSection(ExtensibilityGlobals) = postSolution
		SolutionGuid = {A31426B0-B171-4E2D-B2E9-5A250971D7E4}
	EndGlobalSection
EndGlobal
